// !$*UTF8*$!
{
	archiveVersion = 1;
	classes = {
	};
	objectVersion = 55;
	objects = {

/* Begin PBXBuildFile section */
		14338894273BDE9600A3C114 /* ChatApp.swift in Sources */ = {isa = PBXBuildFile; fileRef = 14338893273BDE9600A3C114 /* ChatApp.swift */; };
		14338896273BDE9600A3C114 /* LoginView.swift in Sources */ = {isa = PBXBuildFile; fileRef = 14338895273BDE9600A3C114 /* LoginView.swift */; };
		14338898273BDE9800A3C114 /* Assets.xcassets in Resources */ = {isa = PBXBuildFile; fileRef = 14338897273BDE9800A3C114 /* Assets.xcassets */; };
		1433889B273BDE9800A3C114 /* Preview Assets.xcassets in Resources */ = {isa = PBXBuildFile; fileRef = 1433889A273BDE9800A3C114 /* Preview Assets.xcassets */; };
		143388A5273BDE9800A3C114 /* ChatTests.swift in Sources */ = {isa = PBXBuildFile; fileRef = 143388A4273BDE9800A3C114 /* ChatTests.swift */; };
		143388AF273BDE9800A3C114 /* ChatUITests.swift in Sources */ = {isa = PBXBuildFile; fileRef = 143388AE273BDE9800A3C114 /* ChatUITests.swift */; };
		143388B1273BDE9800A3C114 /* ChatUITestsLaunchTests.swift in Sources */ = {isa = PBXBuildFile; fileRef = 143388B0273BDE9800A3C114 /* ChatUITestsLaunchTests.swift */; };
		143388BF273BDEB400A3C114 /* DataBase.swift in Sources */ = {isa = PBXBuildFile; fileRef = 143388BE273BDEB400A3C114 /* DataBase.swift */; };
		14B6CFF5273C1C7300B13C18 /* Theme.swift in Sources */ = {isa = PBXBuildFile; fileRef = 14B6CFF4273C1C7200B13C18 /* Theme.swift */; };
		14B6CFFD273E8EE500B13C18 /* User.swift in Sources */ = {isa = PBXBuildFile; fileRef = 14B6CFFC273E8EE500B13C18 /* User.swift */; };
		14B6D004273EA45A00B13C18 /* RegistrationView.swift in Sources */ = {isa = PBXBuildFile; fileRef = 14B6D003273EA45A00B13C18 /* RegistrationView.swift */; };
		14B6D0062742B35000B13C18 /* Keyboard.swift in Sources */ = {isa = PBXBuildFile; fileRef = 14B6D0052742B35000B13C18 /* Keyboard.swift */; };
		14B801A62750F31900C53355 /* Response.swift in Sources */ = {isa = PBXBuildFile; fileRef = 14B801A52750F31900C53355 /* Response.swift */; };
		14B801A82750F4A000C53355 /* Status.swift in Sources */ = {isa = PBXBuildFile; fileRef = 14B801A72750F4A000C53355 /* Status.swift */; };
		14B801AA2750FB3D00C53355 /* MainView.swift in Sources */ = {isa = PBXBuildFile; fileRef = 14B801A92750FB3D00C53355 /* MainView.swift */; };
		14B801AC2750FE7D00C53355 /* ProfileView.swift in Sources */ = {isa = PBXBuildFile; fileRef = 14B801AB2750FE7D00C53355 /* ProfileView.swift */; };
/* End PBXBuildFile section */

/* Begin PBXContainerItemProxy section */
		143388A1273BDE9800A3C114 /* PBXContainerItemProxy */ = {
			isa = PBXContainerItemProxy;
			containerPortal = 14338888273BDE9600A3C114 /* Project object */;
			proxyType = 1;
			remoteGlobalIDString = 1433888F273BDE9600A3C114;
			remoteInfo = Chat;
		};
		143388AB273BDE9800A3C114 /* PBXContainerItemProxy */ = {
			isa = PBXContainerItemProxy;
			containerPortal = 14338888273BDE9600A3C114 /* Project object */;
			proxyType = 1;
			remoteGlobalIDString = 1433888F273BDE9600A3C114;
			remoteInfo = Chat;
		};
/* End PBXContainerItemProxy section */

/* Begin PBXFileReference section */
		14338890273BDE9600A3C114 /* Chat.app */ = {isa = PBXFileReference; explicitFileType = wrapper.application; includeInIndex = 0; path = Chat.app; sourceTree = BUILT_PRODUCTS_DIR; };
		14338893273BDE9600A3C114 /* ChatApp.swift */ = {isa = PBXFileReference; lastKnownFileType = sourcecode.swift; path = ChatApp.swift; sourceTree = "<group>"; };
		14338895273BDE9600A3C114 /* LoginView.swift */ = {isa = PBXFileReference; lastKnownFileType = sourcecode.swift; path = LoginView.swift; sourceTree = "<group>"; };
		14338897273BDE9800A3C114 /* Assets.xcassets */ = {isa = PBXFileReference; lastKnownFileType = folder.assetcatalog; path = Assets.xcassets; sourceTree = "<group>"; };
		1433889A273BDE9800A3C114 /* Preview Assets.xcassets */ = {isa = PBXFileReference; lastKnownFileType = folder.assetcatalog; path = "Preview Assets.xcassets"; sourceTree = "<group>"; };
		143388A0273BDE9800A3C114 /* ChatTests.xctest */ = {isa = PBXFileReference; explicitFileType = wrapper.cfbundle; includeInIndex = 0; path = ChatTests.xctest; sourceTree = BUILT_PRODUCTS_DIR; };
		143388A4273BDE9800A3C114 /* ChatTests.swift */ = {isa = PBXFileReference; lastKnownFileType = sourcecode.swift; path = ChatTests.swift; sourceTree = "<group>"; };
		143388AA273BDE9800A3C114 /* ChatUITests.xctest */ = {isa = PBXFileReference; explicitFileType = wrapper.cfbundle; includeInIndex = 0; path = ChatUITests.xctest; sourceTree = BUILT_PRODUCTS_DIR; };
		143388AE273BDE9800A3C114 /* ChatUITests.swift */ = {isa = PBXFileReference; lastKnownFileType = sourcecode.swift; path = ChatUITests.swift; sourceTree = "<group>"; };
		143388B0273BDE9800A3C114 /* ChatUITestsLaunchTests.swift */ = {isa = PBXFileReference; lastKnownFileType = sourcecode.swift; path = ChatUITestsLaunchTests.swift; sourceTree = "<group>"; };
		143388BE273BDEB400A3C114 /* DataBase.swift */ = {isa = PBXFileReference; lastKnownFileType = sourcecode.swift; path = DataBase.swift; sourceTree = "<group>"; };
		14B6CFF4273C1C7200B13C18 /* Theme.swift */ = {isa = PBXFileReference; lastKnownFileType = sourcecode.swift; path = Theme.swift; sourceTree = "<group>"; };
		14B6CFFC273E8EE500B13C18 /* User.swift */ = {isa = PBXFileReference; lastKnownFileType = sourcecode.swift; path = User.swift; sourceTree = "<group>"; };
		14B6CFFF273E9D5100B13C18 /* Chat-Bridging-Header.h */ = {isa = PBXFileReference; lastKnownFileType = sourcecode.c.h; path = "Chat-Bridging-Header.h"; sourceTree = "<group>"; };
		14B6D001273E9D5100B13C18 /* Constant.hpp */ = {isa = PBXFileReference; lastKnownFileType = sourcecode.cpp.h; path = Constant.hpp; sourceTree = "<group>"; };
		14B6D003273EA45A00B13C18 /* RegistrationView.swift */ = {isa = PBXFileReference; lastKnownFileType = sourcecode.swift; path = RegistrationView.swift; sourceTree = "<group>"; };
		14B6D0052742B35000B13C18 /* Keyboard.swift */ = {isa = PBXFileReference; lastKnownFileType = sourcecode.swift; path = Keyboard.swift; sourceTree = "<group>"; };
		14B801A52750F31900C53355 /* Response.swift */ = {isa = PBXFileReference; lastKnownFileType = sourcecode.swift; path = Response.swift; sourceTree = "<group>"; };
		14B801A72750F4A000C53355 /* Status.swift */ = {isa = PBXFileReference; lastKnownFileType = sourcecode.swift; path = Status.swift; sourceTree = "<group>"; };
		14B801A92750FB3D00C53355 /* MainView.swift */ = {isa = PBXFileReference; lastKnownFileType = sourcecode.swift; path = MainView.swift; sourceTree = "<group>"; };
		14B801AB2750FE7D00C53355 /* ProfileView.swift */ = {isa = PBXFileReference; lastKnownFileType = sourcecode.swift; path = ProfileView.swift; sourceTree = "<group>"; };
		14D9690F2758E9BF008049B2 /* Base.h */ = {isa = PBXFileReference; lastKnownFileType = sourcecode.c.h; path = Base.h; sourceTree = "<group>"; };
/* End PBXFileReference section */

/* Begin PBXFrameworksBuildPhase section */
		1433888D273BDE9600A3C114 /* Frameworks */ = {
			isa = PBXFrameworksBuildPhase;
			buildActionMask = 2147483647;
			files = (
			);
			runOnlyForDeploymentPostprocessing = 0;
		};
		1433889D273BDE9800A3C114 /* Frameworks */ = {
			isa = PBXFrameworksBuildPhase;
			buildActionMask = 2147483647;
			files = (
			);
			runOnlyForDeploymentPostprocessing = 0;
		};
		143388A7273BDE9800A3C114 /* Frameworks */ = {
			isa = PBXFrameworksBuildPhase;
			buildActionMask = 2147483647;
			files = (
			);
			runOnlyForDeploymentPostprocessing = 0;
		};
/* End PBXFrameworksBuildPhase section */

/* Begin PBXGroup section */
		14338887273BDE9600A3C114 = {
			isa = PBXGroup;
			children = (
				14338892273BDE9600A3C114 /* Chat */,
				143388A3273BDE9800A3C114 /* ChatTests */,
				143388AD273BDE9800A3C114 /* ChatUITests */,
				14338891273BDE9600A3C114 /* Products */,
			);
			sourceTree = "<group>";
		};
		14338891273BDE9600A3C114 /* Products */ = {
			isa = PBXGroup;
			children = (
				14338890273BDE9600A3C114 /* Chat.app */,
				143388A0273BDE9800A3C114 /* ChatTests.xctest */,
				143388AA273BDE9800A3C114 /* ChatUITests.xctest */,
			);
			name = Products;
			sourceTree = "<group>";
		};
		14338892273BDE9600A3C114 /* Chat */ = {
			isa = PBXGroup;
			children = (
				14D9690E2758E93B008049B2 /* Include */,
				14B6CFF9273E8E3F00B13C18 /* Control */,
				14B6CFF8273E8CEF00B13C18 /* View */,
				143388BD273BDEA400A3C114 /* DataBase */,
				14338893273BDE9600A3C114 /* ChatApp.swift */,
				14338897273BDE9800A3C114 /* Assets.xcassets */,
				14338899273BDE9800A3C114 /* Preview Content */,
			);
			path = Chat;
			sourceTree = "<group>";
		};
		14338899273BDE9800A3C114 /* Preview Content */ = {
			isa = PBXGroup;
			children = (
				1433889A273BDE9800A3C114 /* Preview Assets.xcassets */,
			);
			path = "Preview Content";
			sourceTree = "<group>";
		};
		143388A3273BDE9800A3C114 /* ChatTests */ = {
			isa = PBXGroup;
			children = (
				143388A4273BDE9800A3C114 /* ChatTests.swift */,
			);
			path = ChatTests;
			sourceTree = "<group>";
		};
		143388AD273BDE9800A3C114 /* ChatUITests */ = {
			isa = PBXGroup;
			children = (
				143388AE273BDE9800A3C114 /* ChatUITests.swift */,
				143388B0273BDE9800A3C114 /* ChatUITestsLaunchTests.swift */,
			);
			path = ChatUITests;
			sourceTree = "<group>";
		};
		143388BD273BDEA400A3C114 /* DataBase */ = {
			isa = PBXGroup;
			children = (
				143388BE273BDEB400A3C114 /* DataBase.swift */,
				14B801A52750F31900C53355 /* Response.swift */,
			);
			path = DataBase;
			sourceTree = "<group>";
		};
		14B6CFF8273E8CEF00B13C18 /* View */ = {
			isa = PBXGroup;
			children = (
				14338895273BDE9600A3C114 /* LoginView.swift */,
				14B6D003273EA45A00B13C18 /* RegistrationView.swift */,
				14B801A92750FB3D00C53355 /* MainView.swift */,
				14B801AB2750FE7D00C53355 /* ProfileView.swift */,
			);
			path = View;
			sourceTree = "<group>";
		};
		14B6CFF9273E8E3F00B13C18 /* Control */ = {
			isa = PBXGroup;
			children = (
				14B6CFF4273C1C7200B13C18 /* Theme.swift */,
				14B6CFFC273E8EE500B13C18 /* User.swift */,
				14B6D0052742B35000B13C18 /* Keyboard.swift */,
				14B801A72750F4A000C53355 /* Status.swift */,
			);
			path = Control;
			sourceTree = "<group>";
		};
		14D9690E2758E93B008049B2 /* Include */ = {
			isa = PBXGroup;
			children = (
				14B6D001273E9D5100B13C18 /* Constant.hpp */,
				14B6CFFF273E9D5100B13C18 /* Chat-Bridging-Header.h */,
				14D9690F2758E9BF008049B2 /* Base.h */,
			);
			path = Include;
			sourceTree = "<group>";
		};
/* End PBXGroup section */

/* Begin PBXNativeTarget section */
		1433888F273BDE9600A3C114 /* Chat */ = {
			isa = PBXNativeTarget;
			buildConfigurationList = 143388B4273BDE9800A3C114 /* Build configuration list for PBXNativeTarget "Chat" */;
			buildPhases = (
				1433888C273BDE9600A3C114 /* Sources */,
				1433888D273BDE9600A3C114 /* Frameworks */,
				1433888E273BDE9600A3C114 /* Resources */,
			);
			buildRules = (
			);
			dependencies = (
			);
			name = Chat;
			productName = Chat;
			productReference = 14338890273BDE9600A3C114 /* Chat.app */;
			productType = "com.apple.product-type.application";
		};
		1433889F273BDE9800A3C114 /* ChatTests */ = {
			isa = PBXNativeTarget;
			buildConfigurationList = 143388B7273BDE9800A3C114 /* Build configuration list for PBXNativeTarget "ChatTests" */;
			buildPhases = (
				1433889C273BDE9800A3C114 /* Sources */,
				1433889D273BDE9800A3C114 /* Frameworks */,
				1433889E273BDE9800A3C114 /* Resources */,
			);
			buildRules = (
			);
			dependencies = (
				143388A2273BDE9800A3C114 /* PBXTargetDependency */,
			);
			name = ChatTests;
			productName = ChatTests;
			productReference = 143388A0273BDE9800A3C114 /* ChatTests.xctest */;
			productType = "com.apple.product-type.bundle.unit-test";
		};
		143388A9273BDE9800A3C114 /* ChatUITests */ = {
			isa = PBXNativeTarget;
			buildConfigurationList = 143388BA273BDE9800A3C114 /* Build configuration list for PBXNativeTarget "ChatUITests" */;
			buildPhases = (
				143388A6273BDE9800A3C114 /* Sources */,
				143388A7273BDE9800A3C114 /* Frameworks */,
				143388A8273BDE9800A3C114 /* Resources */,
			);
			buildRules = (
			);
			dependencies = (
				143388AC273BDE9800A3C114 /* PBXTargetDependency */,
			);
			name = ChatUITests;
			productName = ChatUITests;
			productReference = 143388AA273BDE9800A3C114 /* ChatUITests.xctest */;
			productType = "com.apple.product-type.bundle.ui-testing";
		};
/* End PBXNativeTarget section */

/* Begin PBXProject section */
		14338888273BDE9600A3C114 /* Project object */ = {
			isa = PBXProject;
			attributes = {
				BuildIndependentTargetsInParallel = 1;
				LastSwiftUpdateCheck = 1310;
				LastUpgradeCheck = 1310;
				TargetAttributes = {
					1433888F273BDE9600A3C114 = {
						CreatedOnToolsVersion = 13.1;
						LastSwiftMigration = 1310;
					};
					1433889F273BDE9800A3C114 = {
						CreatedOnToolsVersion = 13.1;
						TestTargetID = 1433888F273BDE9600A3C114;
					};
					143388A9273BDE9800A3C114 = {
						CreatedOnToolsVersion = 13.1;
						TestTargetID = 1433888F273BDE9600A3C114;
					};
				};
			};
			buildConfigurationList = 1433888B273BDE9600A3C114 /* Build configuration list for PBXProject "Chat" */;
			compatibilityVersion = "Xcode 13.0";
			developmentRegion = en;
			hasScannedForEncodings = 0;
			knownRegions = (
				en,
				Base,
			);
			mainGroup = 14338887273BDE9600A3C114;
			productRefGroup = 14338891273BDE9600A3C114 /* Products */;
			projectDirPath = "";
			projectRoot = "";
			targets = (
				1433888F273BDE9600A3C114 /* Chat */,
				1433889F273BDE9800A3C114 /* ChatTests */,
				143388A9273BDE9800A3C114 /* ChatUITests */,
			);
		};
/* End PBXProject section */

/* Begin PBXResourcesBuildPhase section */
		1433888E273BDE9600A3C114 /* Resources */ = {
			isa = PBXResourcesBuildPhase;
			buildActionMask = 2147483647;
			files = (
				1433889B273BDE9800A3C114 /* Preview Assets.xcassets in Resources */,
				14338898273BDE9800A3C114 /* Assets.xcassets in Resources */,
			);
			runOnlyForDeploymentPostprocessing = 0;
		};
		1433889E273BDE9800A3C114 /* Resources */ = {
			isa = PBXResourcesBuildPhase;
			buildActionMask = 2147483647;
			files = (
			);
			runOnlyForDeploymentPostprocessing = 0;
		};
		143388A8273BDE9800A3C114 /* Resources */ = {
			isa = PBXResourcesBuildPhase;
			buildActionMask = 2147483647;
			files = (
			);
			runOnlyForDeploymentPostprocessing = 0;
		};
/* End PBXResourcesBuildPhase section */

/* Begin PBXSourcesBuildPhase section */
		1433888C273BDE9600A3C114 /* Sources */ = {
			isa = PBXSourcesBuildPhase;
			buildActionMask = 2147483647;
			files = (
				14B801A62750F31900C53355 /* Response.swift in Sources */,
				14338896273BDE9600A3C114 /* LoginView.swift in Sources */,
				14B6CFFD273E8EE500B13C18 /* User.swift in Sources */,
				14B801AA2750FB3D00C53355 /* MainView.swift in Sources */,
				14B6D0062742B35000B13C18 /* Keyboard.swift in Sources */,
				14B6CFF5273C1C7300B13C18 /* Theme.swift in Sources */,
				14B801A82750F4A000C53355 /* Status.swift in Sources */,
				14B6D004273EA45A00B13C18 /* RegistrationView.swift in Sources */,
				143388BF273BDEB400A3C114 /* DataBase.swift in Sources */,
				14B801AC2750FE7D00C53355 /* ProfileView.swift in Sources */,
				14338894273BDE9600A3C114 /* ChatApp.swift in Sources */,
			);
			runOnlyForDeploymentPostprocessing = 0;
		};
		1433889C273BDE9800A3C114 /* Sources */ = {
			isa = PBXSourcesBuildPhase;
			buildActionMask = 2147483647;
			files = (
				143388A5273BDE9800A3C114 /* ChatTests.swift in Sources */,
			);
			runOnlyForDeploymentPostprocessing = 0;
		};
		143388A6273BDE9800A3C114 /* Sources */ = {
			isa = PBXSourcesBuildPhase;
			buildActionMask = 2147483647;
			files = (
				143388B1273BDE9800A3C114 /* ChatUITestsLaunchTests.swift in Sources */,
				143388AF273BDE9800A3C114 /* ChatUITests.swift in Sources */,
			);
			runOnlyForDeploymentPostprocessing = 0;
		};
/* End PBXSourcesBuildPhase section */

/* Begin PBXTargetDependency section */
		143388A2273BDE9800A3C114 /* PBXTargetDependency */ = {
			isa = PBXTargetDependency;
			target = 1433888F273BDE9600A3C114 /* Chat */;
			targetProxy = 143388A1273BDE9800A3C114 /* PBXContainerItemProxy */;
		};
		143388AC273BDE9800A3C114 /* PBXTargetDependency */ = {
			isa = PBXTargetDependency;
			target = 1433888F273BDE9600A3C114 /* Chat */;
			targetProxy = 143388AB273BDE9800A3C114 /* PBXContainerItemProxy */;
		};
/* End PBXTargetDependency section */

/* Begin XCBuildConfiguration section */
		143388B2273BDE9800A3C114 /* Debug */ = {
			isa = XCBuildConfiguration;
			buildSettings = {
				ALWAYS_SEARCH_USER_PATHS = NO;
				CLANG_ANALYZER_NONNULL = YES;
				CLANG_ANALYZER_NUMBER_OBJECT_CONVERSION = YES_AGGRESSIVE;
				CLANG_CXX_LANGUAGE_STANDARD = "gnu++17";
				CLANG_CXX_LIBRARY = "libc++";
				CLANG_ENABLE_MODULES = YES;
				CLANG_ENABLE_OBJC_ARC = YES;
				CLANG_ENABLE_OBJC_WEAK = YES;
				CLANG_WARN_BLOCK_CAPTURE_AUTORELEASING = YES;
				CLANG_WARN_BOOL_CONVERSION = YES;
				CLANG_WARN_COMMA = YES;
				CLANG_WARN_CONSTANT_CONVERSION = YES;
				CLANG_WARN_DEPRECATED_OBJC_IMPLEMENTATIONS = YES;
				CLANG_WARN_DIRECT_OBJC_ISA_USAGE = YES_ERROR;
				CLANG_WARN_DOCUMENTATION_COMMENTS = YES;
				CLANG_WARN_EMPTY_BODY = YES;
				CLANG_WARN_ENUM_CONVERSION = YES;
				CLANG_WARN_INFINITE_RECURSION = YES;
				CLANG_WARN_INT_CONVERSION = YES;
				CLANG_WARN_NON_LITERAL_NULL_CONVERSION = YES;
				CLANG_WARN_OBJC_IMPLICIT_RETAIN_SELF = YES;
				CLANG_WARN_OBJC_LITERAL_CONVERSION = YES;
				CLANG_WARN_OBJC_ROOT_CLASS = YES_ERROR;
				CLANG_WARN_QUOTED_INCLUDE_IN_FRAMEWORK_HEADER = YES;
				CLANG_WARN_RANGE_LOOP_ANALYSIS = YES;
				CLANG_WARN_STRICT_PROTOTYPES = YES;
				CLANG_WARN_SUSPICIOUS_MOVE = YES;
				CLANG_WARN_UNGUARDED_AVAILABILITY = YES_AGGRESSIVE;
				CLANG_WARN_UNREACHABLE_CODE = YES;
				CLANG_WARN__DUPLICATE_METHOD_MATCH = YES;
				COPY_PHASE_STRIP = NO;
				DEBUG_INFORMATION_FORMAT = dwarf;
				ENABLE_STRICT_OBJC_MSGSEND = YES;
				ENABLE_TESTABILITY = YES;
				GCC_C_LANGUAGE_STANDARD = gnu11;
				GCC_DYNAMIC_NO_PIC = NO;
				GCC_NO_COMMON_BLOCKS = YES;
				GCC_OPTIMIZATION_LEVEL = 0;
				GCC_PREPROCESSOR_DEFINITIONS = (
					"DEBUG=1",
					"$(inherited)",
				);
				GCC_WARN_64_TO_32_BIT_CONVERSION = YES;
				GCC_WARN_ABOUT_RETURN_TYPE = YES_ERROR;
				GCC_WARN_UNDECLARED_SELECTOR = YES;
				GCC_WARN_UNINITIALIZED_AUTOS = YES_AGGRESSIVE;
				GCC_WARN_UNUSED_FUNCTION = YES;
				GCC_WARN_UNUSED_VARIABLE = YES;
				IPHONEOS_DEPLOYMENT_TARGET = 15.0;
				MTL_ENABLE_DEBUG_INFO = INCLUDE_SOURCE;
				MTL_FAST_MATH = YES;
				ONLY_ACTIVE_ARCH = YES;
				SDKROOT = iphoneos;
				SWIFT_ACTIVE_COMPILATION_CONDITIONS = DEBUG;
				SWIFT_OPTIMIZATION_LEVEL = "-Onone";
			};
			name = Debug;
		};
		143388B3273BDE9800A3C114 /* Release */ = {
			isa = XCBuildConfiguration;
			buildSettings = {
				ALWAYS_SEARCH_USER_PATHS = NO;
				CLANG_ANALYZER_NONNULL = YES;
				CLANG_ANALYZER_NUMBER_OBJECT_CONVERSION = YES_AGGRESSIVE;
				CLANG_CXX_LANGUAGE_STANDARD = "gnu++17";
				CLANG_CXX_LIBRARY = "libc++";
				CLANG_ENABLE_MODULES = YES;
				CLANG_ENABLE_OBJC_ARC = YES;
				CLANG_ENABLE_OBJC_WEAK = YES;
				CLANG_WARN_BLOCK_CAPTURE_AUTORELEASING = YES;
				CLANG_WARN_BOOL_CONVERSION = YES;
				CLANG_WARN_COMMA = YES;
				CLANG_WARN_CONSTANT_CONVERSION = YES;
				CLANG_WARN_DEPRECATED_OBJC_IMPLEMENTATIONS = YES;
				CLANG_WARN_DIRECT_OBJC_ISA_USAGE = YES_ERROR;
				CLANG_WARN_DOCUMENTATION_COMMENTS = YES;
				CLANG_WARN_EMPTY_BODY = YES;
				CLANG_WARN_ENUM_CONVERSION = YES;
				CLANG_WARN_INFINITE_RECURSION = YES;
				CLANG_WARN_INT_CONVERSION = YES;
				CLANG_WARN_NON_LITERAL_NULL_CONVERSION = YES;
				CLANG_WARN_OBJC_IMPLICIT_RETAIN_SELF = YES;
				CLANG_WARN_OBJC_LITERAL_CONVERSION = YES;
				CLANG_WARN_OBJC_ROOT_CLASS = YES_ERROR;
				CLANG_WARN_QUOTED_INCLUDE_IN_FRAMEWORK_HEADER = YES;
				CLANG_WARN_RANGE_LOOP_ANALYSIS = YES;
				CLANG_WARN_STRICT_PROTOTYPES = YES;
				CLANG_WARN_SUSPICIOUS_MOVE = YES;
				CLANG_WARN_UNGUARDED_AVAILABILITY = YES_AGGRESSIVE;
				CLANG_WARN_UNREACHABLE_CODE = YES;
				CLANG_WARN__DUPLICATE_METHOD_MATCH = YES;
				COPY_PHASE_STRIP = NO;
				DEBUG_INFORMATION_FORMAT = "dwarf-with-dsym";
				ENABLE_NS_ASSERTIONS = NO;
				ENABLE_STRICT_OBJC_MSGSEND = YES;
				GCC_C_LANGUAGE_STANDARD = gnu11;
				GCC_NO_COMMON_BLOCKS = YES;
				GCC_WARN_64_TO_32_BIT_CONVERSION = YES;
				GCC_WARN_ABOUT_RETURN_TYPE = YES_ERROR;
				GCC_WARN_UNDECLARED_SELECTOR = YES;
				GCC_WARN_UNINITIALIZED_AUTOS = YES_AGGRESSIVE;
				GCC_WARN_UNUSED_FUNCTION = YES;
				GCC_WARN_UNUSED_VARIABLE = YES;
				IPHONEOS_DEPLOYMENT_TARGET = 15.0;
				MTL_ENABLE_DEBUG_INFO = NO;
				MTL_FAST_MATH = YES;
				SDKROOT = iphoneos;
				SWIFT_COMPILATION_MODE = wholemodule;
				SWIFT_OPTIMIZATION_LEVEL = "-O";
				VALIDATE_PRODUCT = YES;
			};
			name = Release;
		};
		143388B5273BDE9800A3C114 /* Debug */ = {
			isa = XCBuildConfiguration;
			buildSettings = {
				ASSETCATALOG_COMPILER_APPICON_NAME = AppIcon;
				ASSETCATALOG_COMPILER_GLOBAL_ACCENT_COLOR_NAME = AccentColor;
				CLANG_ENABLE_MODULES = YES;
				CODE_SIGN_STYLE = Automatic;
				CURRENT_PROJECT_VERSION = 1;
				DEVELOPMENT_ASSET_PATHS = "\"Chat/Preview Content\"";
				DEVELOPMENT_TEAM = 2987DNBHD2;
				ENABLE_PREVIEWS = YES;
				GENERATE_INFOPLIST_FILE = YES;
				INFOPLIST_KEY_UIApplicationSceneManifest_Generation = YES;
				INFOPLIST_KEY_UIApplicationSupportsIndirectInputEvents = YES;
				INFOPLIST_KEY_UILaunchScreen_Generation = YES;
				INFOPLIST_KEY_UISupportedInterfaceOrientations_iPad = "UIInterfaceOrientationPortrait UIInterfaceOrientationPortraitUpsideDown UIInterfaceOrientationLandscapeLeft UIInterfaceOrientationLandscapeRight";
				INFOPLIST_KEY_UISupportedInterfaceOrientations_iPhone = "UIInterfaceOrientationPortrait UIInterfaceOrientationLandscapeLeft UIInterfaceOrientationLandscapeRight";
				LD_RUNPATH_SEARCH_PATHS = (
					"$(inherited)",
					"@executable_path/Frameworks",
				);
				MARKETING_VERSION = 1.0;
				PRODUCT_BUNDLE_IDENTIFIER = SB.Chat;
				PRODUCT_NAME = "$(TARGET_NAME)";
				SWIFT_EMIT_LOC_STRINGS = YES;
				SWIFT_OBJC_BRIDGING_HEADER = "Chat/Chat-Bridging-Header.h";
				SWIFT_OPTIMIZATION_LEVEL = "-Onone";
				SWIFT_VERSION = 5.0;
				TARGETED_DEVICE_FAMILY = "1,2";
			};
			name = Debug;
		};
		143388B6273BDE9800A3C114 /* Release */ = {
			isa = XCBuildConfiguration;
			buildSettings = {
				ASSETCATALOG_COMPILER_APPICON_NAME = AppIcon;
				ASSETCATALOG_COMPILER_GLOBAL_ACCENT_COLOR_NAME = AccentColor;
				CLANG_ENABLE_MODULES = YES;
				CODE_SIGN_STYLE = Automatic;
				CURRENT_PROJECT_VERSION = 1;
				DEVELOPMENT_ASSET_PATHS = "\"Chat/Preview Content\"";
				DEVELOPMENT_TEAM = 2987DNBHD2;
				ENABLE_PREVIEWS = YES;
				GENERATE_INFOPLIST_FILE = YES;
				INFOPLIST_KEY_UIApplicationSceneManifest_Generation = YES;
				INFOPLIST_KEY_UIApplicationSupportsIndirectInputEvents = YES;
				INFOPLIST_KEY_UILaunchScreen_Generation = YES;
				INFOPLIST_KEY_UISupportedInterfaceOrientations_iPad = "UIInterfaceOrientationPortrait UIInterfaceOrientationPortraitUpsideDown UIInterfaceOrientationLandscapeLeft UIInterfaceOrientationLandscapeRight";
				INFOPLIST_KEY_UISupportedInterfaceOrientations_iPhone = "UIInterfaceOrientationPortrait UIInterfaceOrientationLandscapeLeft UIInterfaceOrientationLandscapeRight";
				LD_RUNPATH_SEARCH_PATHS = (
					"$(inherited)",
					"@executable_path/Frameworks",
				);
				MARKETING_VERSION = 1.0;
				PRODUCT_BUNDLE_IDENTIFIER = SB.Chat;
				PRODUCT_NAME = "$(TARGET_NAME)";
				SWIFT_EMIT_LOC_STRINGS = YES;
				SWIFT_OBJC_BRIDGING_HEADER = "Chat/Chat-Bridging-Header.h";
				SWIFT_VERSION = 5.0;
				TARGETED_DEVICE_FAMILY = "1,2";
			};
			name = Release;
		};
		143388B8273BDE9800A3C114 /* Debug */ = {
			isa = XCBuildConfiguration;
			buildSettings = {
				ALWAYS_EMBED_SWIFT_STANDARD_LIBRARIES = YES;
				BUNDLE_LOADER = "$(TEST_HOST)";
				CODE_SIGN_STYLE = Automatic;
				CURRENT_PROJECT_VERSION = 1;
				DEVELOPMENT_TEAM = 2987DNBHD2;
				GENERATE_INFOPLIST_FILE = YES;
				IPHONEOS_DEPLOYMENT_TARGET = 15.0;
				LD_RUNPATH_SEARCH_PATHS = (
					"$(inherited)",
					"@executable_path/Frameworks",
					"@loader_path/Frameworks",
				);
				MARKETING_VERSION = 1.0;
				PRODUCT_BUNDLE_IDENTIFIER = SB.ChatTests;
				PRODUCT_NAME = "$(TARGET_NAME)";
				SWIFT_EMIT_LOC_STRINGS = NO;
				SWIFT_VERSION = 5.0;
				TARGETED_DEVICE_FAMILY = "1,2";
				TEST_HOST = "$(BUILT_PRODUCTS_DIR)/Chat.app/Chat";
			};
			name = Debug;
		};
		143388B9273BDE9800A3C114 /* Release */ = {
			isa = XCBuildConfiguration;
			buildSettings = {
				ALWAYS_EMBED_SWIFT_STANDARD_LIBRARIES = YES;
				BUNDLE_LOADER = "$(TEST_HOST)";
				CODE_SIGN_STYLE = Automatic;
				CURRENT_PROJECT_VERSION = 1;
				DEVELOPMENT_TEAM = 2987DNBHD2;
				GENERATE_INFOPLIST_FILE = YES;
				IPHONEOS_DEPLOYMENT_TARGET = 15.0;
				LD_RUNPATH_SEARCH_PATHS = (
					"$(inherited)",
					"@executable_path/Frameworks",
					"@loader_path/Frameworks",
				);
				MARKETING_VERSION = 1.0;
				PRODUCT_BUNDLE_IDENTIFIER = SB.ChatTests;
				PRODUCT_NAME = "$(TARGET_NAME)";
				SWIFT_EMIT_LOC_STRINGS = NO;
				SWIFT_VERSION = 5.0;
				TARGETED_DEVICE_FAMILY = "1,2";
				TEST_HOST = "$(BUILT_PRODUCTS_DIR)/Chat.app/Chat";
			};
			name = Release;
		};
		143388BB273BDE9800A3C114 /* Debug */ = {
			isa = XCBuildConfiguration;
			buildSettings = {
				ALWAYS_EMBED_SWIFT_STANDARD_LIBRARIES = YES;
				CODE_SIGN_STYLE = Automatic;
				CURRENT_PROJECT_VERSION = 1;
				DEVELOPMENT_TEAM = 2987DNBHD2;
				GENERATE_INFOPLIST_FILE = YES;
				LD_RUNPATH_SEARCH_PATHS = (
					"$(inherited)",
					"@executable_path/Frameworks",
					"@loader_path/Frameworks",
				);
				MARKETING_VERSION = 1.0;
				PRODUCT_BUNDLE_IDENTIFIER = SB.ChatUITests;
				PRODUCT_NAME = "$(TARGET_NAME)";
				SWIFT_EMIT_LOC_STRINGS = NO;
				SWIFT_VERSION = 5.0;
				TARGETED_DEVICE_FAMILY = "1,2";
				TEST_TARGET_NAME = Chat;
			};
			name = Debug;
		};
		143388BC273BDE9800A3C114 /* Release */ = {
			isa = XCBuildConfiguration;
			buildSettings = {
				ALWAYS_EMBED_SWIFT_STANDARD_LIBRARIES = YES;
				CODE_SIGN_STYLE = Automatic;
				CURRENT_PROJECT_VERSION = 1;
				DEVELOPMENT_TEAM = 2987DNBHD2;
				GENERATE_INFOPLIST_FILE = YES;
				LD_RUNPATH_SEARCH_PATHS = (
					"$(inherited)",
					"@executable_path/Frameworks",
					"@loader_path/Frameworks",
				);
				MARKETING_VERSION = 1.0;
				PRODUCT_BUNDLE_IDENTIFIER = SB.ChatUITests;
				PRODUCT_NAME = "$(TARGET_NAME)";
				SWIFT_EMIT_LOC_STRINGS = NO;
				SWIFT_VERSION = 5.0;
				TARGETED_DEVICE_FAMILY = "1,2";
				TEST_TARGET_NAME = Chat;
			};
			name = Release;
		};
/* End XCBuildConfiguration section */

/* Begin XCConfigurationList section */
		1433888B273BDE9600A3C114 /* Build configuration list for PBXProject "Chat" */ = {
			isa = XCConfigurationList;
			buildConfigurations = (
				143388B2273BDE9800A3C114 /* Debug */,
				143388B3273BDE9800A3C114 /* Release */,
			);
			defaultConfigurationIsVisible = 0;
			defaultConfigurationName = Release;
		};
		143388B4273BDE9800A3C114 /* Build configuration list for PBXNativeTarget "Chat" */ = {
			isa = XCConfigurationList;
			buildConfigurations = (
				143388B5273BDE9800A3C114 /* Debug */,
				143388B6273BDE9800A3C114 /* Release */,
			);
			defaultConfigurationIsVisible = 0;
			defaultConfigurationName = Release;
		};
		143388B7273BDE9800A3C114 /* Build configuration list for PBXNativeTarget "ChatTests" */ = {
			isa = XCConfigurationList;
			buildConfigurations = (
				143388B8273BDE9800A3C114 /* Debug */,
				143388B9273BDE9800A3C114 /* Release */,
			);
			defaultConfigurationIsVisible = 0;
			defaultConfigurationName = Release;
		};
		143388BA273BDE9800A3C114 /* Build configuration list for PBXNativeTarget "ChatUITests" */ = {
			isa = XCConfigurationList;
			buildConfigurations = (
				143388BB273BDE9800A3C114 /* Debug */,
				143388BC273BDE9800A3C114 /* Release */,
			);
			defaultConfigurationIsVisible = 0;
			defaultConfigurationName = Release;
		};
/* End XCConfigurationList section */
	};
	rootObject = 14338888273BDE9600A3C114 /* Project object */;
}
